
Microsoft Visual Studio Solution File, Format Version 12.00
# Visual Studio Version 16
VisualStudioVersion = 16.0.31005.135
MinimumVisualStudioVersion = 10.0.40219.1
Project("{FAE04EC0-301F-11D3-BF4B-00C04F79EFBC}") = "Практическая работа 4", "Практическая работа 4.csproj", "{8F46AC04-C109-4013-B586-F8EB10DEDA62}"
EndProject
Global
	GlobalSection(SolutionConfigurationPlatforms) = preSolution
		Debug|Any CPU = Debug|Any CPU
		Release|Any CPU = Release|Any CPU
	EndGlobalSection
	GlobalSection(ProjectConfigurationPlatforms) = postSolution
		{8F46AC04-C109-4013-B586-F8EB10DEDA62}.Debug|Any CPU.ActiveCfg = Debug|Any CPU
		{8F46AC04-C109-4013-B586-F8EB10DEDA62}.Debug|Any CPU.Build.0 = Debug|Any CPU
		{8F46AC04-C109-4013-B586-F8EB10DEDA62}.Release|Any CPU.ActiveCfg = Release|Any CPU
		{8F46AC04-C109-4013-B586-F8EB10DEDA62}.Release|Any CPU.Build.0 = Release|Any CPU
	EndGlobalSection
	GlobalSection(SolutionProperties) = preSolution
		HideSolutionNode = FALSE
	EndGlobalSection
	GlobalSection(ExtensibilityGlobals) = postSolution
		SolutionGuid = {D1DBC9DC-439D-48C4-BAB5-B4EEF7EF379B}
	EndGlobalSection
EndGlobal
